
Microsoft Visual Studio Solution File, Format Version 12.00
# Visual Studio Version 17
VisualStudioVersion = 17.6.33829.357
MinimumVisualStudioVersion = 10.0.40219.1
Project("{9A19103F-16F7-4668-BE54-9A1E7A4F7556}") = "TMS.ApiEndava", "TMS.ApiEndava\TMS.ApiEndava.csproj", "{490A184E-59E7-458A-9DFF-1F521F0D0A1B}"
EndProject
Project("{FAE04EC0-301F-11D3-BF4B-00C04F79EFBC}") = "UnitTeste", "UnitTeste\UnitTeste.csproj", "{0D09F29F-7B77-4AF8-B227-A7B4161DD874}"
EndProject
Global
	GlobalSection(SolutionConfigurationPlatforms) = preSolution
		Debug|Any CPU = Debug|Any CPU
		Release|Any CPU = Release|Any CPU
	EndGlobalSection
	GlobalSection(ProjectConfigurationPlatforms) = postSolution
		{490A184E-59E7-458A-9DFF-1F521F0D0A1B}.Debug|Any CPU.ActiveCfg = Debug|Any CPU
		{490A184E-59E7-458A-9DFF-1F521F0D0A1B}.Debug|Any CPU.Build.0 = Debug|Any CPU
		{490A184E-59E7-458A-9DFF-1F521F0D0A1B}.Release|Any CPU.ActiveCfg = Release|Any CPU
		{490A184E-59E7-458A-9DFF-1F521F0D0A1B}.Release|Any CPU.Build.0 = Release|Any CPU
		{0D09F29F-7B77-4AF8-B227-A7B4161DD874}.Debug|Any CPU.ActiveCfg = Debug|Any CPU
		{0D09F29F-7B77-4AF8-B227-A7B4161DD874}.Debug|Any CPU.Build.0 = Debug|Any CPU
		{0D09F29F-7B77-4AF8-B227-A7B4161DD874}.Release|Any CPU.ActiveCfg = Release|Any CPU
		{0D09F29F-7B77-4AF8-B227-A7B4161DD874}.Release|Any CPU.Build.0 = Release|Any CPU
	EndGlobalSection
	GlobalSection(SolutionProperties) = preSolution
		HideSolutionNode = FALSE
	EndGlobalSection
	GlobalSection(ExtensibilityGlobals) = postSolution
		SolutionGuid = {5F55DD47-42BD-4630-938E-D042789348F8}
	EndGlobalSection
EndGlobal
